// !$*UTF8*$!
{
	archiveVersion = 1;
	classes = {
	};
	objectVersion = 55;
	objects = {

/* Begin PBXBuildFile section */
		706CCE8A28104EE9004708D3 /* AddQuoteViewController.swift in Sources */ = {isa = PBXBuildFile; fileRef = 706CCE8928104EE9004708D3 /* AddQuoteViewController.swift */; };
		70770F74280FECE000C7CF1F /* FirebaseDatabase in Frameworks */ = {isa = PBXBuildFile; productRef = 70770F73280FECE000C7CF1F /* FirebaseDatabase */; };
		7083D971280F01DA0076FBF1 /* AppDelegate.swift in Sources */ = {isa = PBXBuildFile; fileRef = 7083D970280F01DA0076FBF1 /* AppDelegate.swift */; };
		7083D973280F01DA0076FBF1 /* SceneDelegate.swift in Sources */ = {isa = PBXBuildFile; fileRef = 7083D972280F01DA0076FBF1 /* SceneDelegate.swift */; };
		7083D975280F01DA0076FBF1 /* ViewController.swift in Sources */ = {isa = PBXBuildFile; fileRef = 7083D974280F01DA0076FBF1 /* ViewController.swift */; };
		7083D978280F01DA0076FBF1 /* Main.storyboard in Resources */ = {isa = PBXBuildFile; fileRef = 7083D976280F01DA0076FBF1 /* Main.storyboard */; };
		7083D97A280F01DB0076FBF1 /* Assets.xcassets in Resources */ = {isa = PBXBuildFile; fileRef = 7083D979280F01DB0076FBF1 /* Assets.xcassets */; };
		7083D97D280F01DB0076FBF1 /* LaunchScreen.storyboard in Resources */ = {isa = PBXBuildFile; fileRef = 7083D97B280F01DB0076FBF1 /* LaunchScreen.storyboard */; };
		7083D985280F01E50076FBF1 /* GoogleService-Info.plist in Resources */ = {isa = PBXBuildFile; fileRef = 7083D984280F01E50076FBF1 /* GoogleService-Info.plist */; };
		7083D988280F020E0076FBF1 /* FirebaseAnalytics in Frameworks */ = {isa = PBXBuildFile; productRef = 7083D987280F020E0076FBF1 /* FirebaseAnalytics */; };
		7083D98A280F020E0076FBF1 /* FirebaseFirestore in Frameworks */ = {isa = PBXBuildFile; productRef = 7083D989280F020E0076FBF1 /* FirebaseFirestore */; };
		7083D98C280F02A10076FBF1 /* Model.swift in Sources */ = {isa = PBXBuildFile; fileRef = 7083D98B280F02A10076FBF1 /* Model.swift */; };
		7083D98E280F02B30076FBF1 /* QuoteVM.swift in Sources */ = {isa = PBXBuildFile; fileRef = 7083D98D280F02B30076FBF1 /* QuoteVM.swift */; };
		7083D993280F04120076FBF1 /* CustomTableViewCell.swift in Sources */ = {isa = PBXBuildFile; fileRef = 7083D992280F04120076FBF1 /* CustomTableViewCell.swift */; };
/* End PBXBuildFile section */

/* Begin PBXFileReference section */
		706CCE8928104EE9004708D3 /* AddQuoteViewController.swift */ = {isa = PBXFileReference; lastKnownFileType = sourcecode.swift; path = AddQuoteViewController.swift; sourceTree = "<group>"; };
		7083D96D280F01DA0076FBF1 /* QHI Admin.app */ = {isa = PBXFileReference; explicitFileType = wrapper.application; includeInIndex = 0; path = "QHI Admin.app"; sourceTree = BUILT_PRODUCTS_DIR; };
		7083D970280F01DA0076FBF1 /* AppDelegate.swift */ = {isa = PBXFileReference; lastKnownFileType = sourcecode.swift; path = AppDelegate.swift; sourceTree = "<group>"; };
		7083D972280F01DA0076FBF1 /* SceneDelegate.swift */ = {isa = PBXFileReference; lastKnownFileType = sourcecode.swift; path = SceneDelegate.swift; sourceTree = "<group>"; };
		7083D974280F01DA0076FBF1 /* ViewController.swift */ = {isa = PBXFileReference; lastKnownFileType = sourcecode.swift; path = ViewController.swift; sourceTree = "<group>"; };
		7083D977280F01DA0076FBF1 /* Base */ = {isa = PBXFileReference; lastKnownFileType = file.storyboard; name = Base; path = Base.lproj/Main.storyboard; sourceTree = "<group>"; };
		7083D979280F01DB0076FBF1 /* Assets.xcassets */ = {isa = PBXFileReference; lastKnownFileType = folder.assetcatalog; path = Assets.xcassets; sourceTree = "<group>"; };
		7083D97C280F01DB0076FBF1 /* Base */ = {isa = PBXFileReference; lastKnownFileType = file.storyboard; name = Base; path = Base.lproj/LaunchScreen.storyboard; sourceTree = "<group>"; };
		7083D97E280F01DB0076FBF1 /* Info.plist */ = {isa = PBXFileReference; lastKnownFileType = text.plist.xml; path = Info.plist; sourceTree = "<group>"; };
		7083D984280F01E50076FBF1 /* GoogleService-Info.plist */ = {isa = PBXFileReference; fileEncoding = 4; lastKnownFileType = text.plist.xml; path = "GoogleService-Info.plist"; sourceTree = "<group>"; };
		7083D98B280F02A10076FBF1 /* Model.swift */ = {isa = PBXFileReference; lastKnownFileType = sourcecode.swift; path = Model.swift; sourceTree = "<group>"; };
		7083D98D280F02B30076FBF1 /* QuoteVM.swift */ = {isa = PBXFileReference; lastKnownFileType = sourcecode.swift; path = QuoteVM.swift; sourceTree = "<group>"; };
		7083D992280F04120076FBF1 /* CustomTableViewCell.swift */ = {isa = PBXFileReference; lastKnownFileType = sourcecode.swift; path = CustomTableViewCell.swift; sourceTree = "<group>"; };
/* End PBXFileReference section */

/* Begin PBXFrameworksBuildPhase section */
		7083D96A280F01DA0076FBF1 /* Frameworks */ = {
			isa = PBXFrameworksBuildPhase;
			buildActionMask = 2147483647;
			files = (
				70770F74280FECE000C7CF1F /* FirebaseDatabase in Frameworks */,
				7083D988280F020E0076FBF1 /* FirebaseAnalytics in Frameworks */,
				7083D98A280F020E0076FBF1 /* FirebaseFirestore in Frameworks */,
			);
			runOnlyForDeploymentPostprocessing = 0;
		};
/* End PBXFrameworksBuildPhase section */

/* Begin PBXGroup section */
		70770F72280FECE000C7CF1F /* Frameworks */ = {
			isa = PBXGroup;
			children = (
			);
			name = Frameworks;
			sourceTree = "<group>";
		};
		7083D964280F01DA0076FBF1 = {
			isa = PBXGroup;
			children = (
				7083D96F280F01DA0076FBF1 /* QHI Admin */,
				7083D96E280F01DA0076FBF1 /* Products */,
				70770F72280FECE000C7CF1F /* Frameworks */,
			);
			sourceTree = "<group>";
		};
		7083D96E280F01DA0076FBF1 /* Products */ = {
			isa = PBXGroup;
			children = (
				7083D96D280F01DA0076FBF1 /* QHI Admin.app */,
			);
			name = Products;
			sourceTree = "<group>";
		};
		7083D96F280F01DA0076FBF1 /* QHI Admin */ = {
			isa = PBXGroup;
			children = (
				7083D970280F01DA0076FBF1 /* AppDelegate.swift */,
				7083D98F280F03FB0076FBF1 /* Model */,
				7083D990280F04000076FBF1 /* View Model */,
				7083D972280F01DA0076FBF1 /* SceneDelegate.swift */,
				7083D991280F04080076FBF1 /* View */,
				7083D976280F01DA0076FBF1 /* Main.storyboard */,
				7083D979280F01DB0076FBF1 /* Assets.xcassets */,
				7083D97B280F01DB0076FBF1 /* LaunchScreen.storyboard */,
				7083D97E280F01DB0076FBF1 /* Info.plist */,
				7083D984280F01E50076FBF1 /* GoogleService-Info.plist */,
			);
			path = "QHI Admin";
			sourceTree = "<group>";
		};
		7083D98F280F03FB0076FBF1 /* Model */ = {
			isa = PBXGroup;
			children = (
				7083D98B280F02A10076FBF1 /* Model.swift */,
			);
			path = Model;
			sourceTree = "<group>";
		};
		7083D990280F04000076FBF1 /* View Model */ = {
			isa = PBXGroup;
			children = (
				7083D98D280F02B30076FBF1 /* QuoteVM.swift */,
			);
			path = "View Model";
			sourceTree = "<group>";
		};
		7083D991280F04080076FBF1 /* View */ = {
			isa = PBXGroup;
			children = (
				7083D974280F01DA0076FBF1 /* ViewController.swift */,
				706CCE8928104EE9004708D3 /* AddQuoteViewController.swift */,
				7083D992280F04120076FBF1 /* CustomTableViewCell.swift */,
			);
			path = View;
			sourceTree = "<group>";
		};
/* End PBXGroup section */

/* Begin PBXNativeTarget section */
		7083D96C280F01DA0076FBF1 /* QHI Admin */ = {
			isa = PBXNativeTarget;
			buildConfigurationList = 7083D981280F01DB0076FBF1 /* Build configuration list for PBXNativeTarget "QHI Admin" */;
			buildPhases = (
				7083D969280F01DA0076FBF1 /* Sources */,
				7083D96A280F01DA0076FBF1 /* Frameworks */,
				7083D96B280F01DA0076FBF1 /* Resources */,
			);
			buildRules = (
			);
			dependencies = (
			);
			name = "QHI Admin";
			packageProductDependencies = (
				7083D987280F020E0076FBF1 /* FirebaseAnalytics */,
				7083D989280F020E0076FBF1 /* FirebaseFirestore */,
				70770F73280FECE000C7CF1F /* FirebaseDatabase */,
			);
			productName = "QHI Admin";
			productReference = 7083D96D280F01DA0076FBF1 /* QHI Admin.app */;
			productType = "com.apple.product-type.application";
		};
/* End PBXNativeTarget section */

/* Begin PBXProject section */
		7083D965280F01DA0076FBF1 /* Project object */ = {
			isa = PBXProject;
			attributes = {
				BuildIndependentTargetsInParallel = 1;
				LastSwiftUpdateCheck = 1330;
				LastUpgradeCheck = 1330;
				TargetAttributes = {
					7083D96C280F01DA0076FBF1 = {
						CreatedOnToolsVersion = 13.3.1;
					};
				};
			};
			buildConfigurationList = 7083D968280F01DA0076FBF1 /* Build configuration list for PBXProject "QHI Admin" */;
			compatibilityVersion = "Xcode 13.0";
			developmentRegion = en;
			hasScannedForEncodings = 0;
			knownRegions = (
				en,
				Base,
			);
			mainGroup = 7083D964280F01DA0076FBF1;
			packageReferences = (
				7083D986280F020E0076FBF1 /* XCRemoteSwiftPackageReference "firebase-ios-sdk" */,
			);
			productRefGroup = 7083D96E280F01DA0076FBF1 /* Products */;
			projectDirPath = "";
			projectRoot = "";
			targets = (
				7083D96C280F01DA0076FBF1 /* QHI Admin */,
			);
		};
/* End PBXProject section */

/* Begin PBXResourcesBuildPhase section */
		7083D96B280F01DA0076FBF1 /* Resources */ = {
			isa = PBXResourcesBuildPhase;
			buildActionMask = 2147483647;
			files = (
				7083D97D280F01DB0076FBF1 /* LaunchScreen.storyboard in Resources */,
				7083D985280F01E50076FBF1 /* GoogleService-Info.plist in Resources */,
				7083D97A280F01DB0076FBF1 /* Assets.xcassets in Resources */,
				7083D978280F01DA0076FBF1 /* Main.storyboard in Resources */,
			);
			runOnlyForDeploymentPostprocessing = 0;
		};
/* End PBXResourcesBuildPhase section */

/* Begin PBXSourcesBuildPhase section */
		7083D969280F01DA0076FBF1 /* Sources */ = {
			isa = PBXSourcesBuildPhase;
			buildActionMask = 2147483647;
			files = (
				706CCE8A28104EE9004708D3 /* AddQuoteViewController.swift in Sources */,
				7083D993280F04120076FBF1 /* CustomTableViewCell.swift in Sources */,
				7083D975280F01DA0076FBF1 /* ViewController.swift in Sources */,
				7083D98E280F02B30076FBF1 /* QuoteVM.swift in Sources */,
				7083D971280F01DA0076FBF1 /* AppDelegate.swift in Sources */,
				7083D973280F01DA0076FBF1 /* SceneDelegate.swift in Sources */,
				7083D98C280F02A10076FBF1 /* Model.swift in Sources */,
			);
			runOnlyForDeploymentPostprocessing = 0;
		};
/* End PBXSourcesBuildPhase section */

/* Begin PBXVariantGroup section */
		7083D976280F01DA0076FBF1 /* Main.storyboard */ = {
			isa = PBXVariantGroup;
			children = (
				7083D977280F01DA0076FBF1 /* Base */,
			);
			name = Main.storyboard;
			sourceTree = "<group>";
		};
		7083D97B280F01DB0076FBF1 /* LaunchScreen.storyboard */ = {
			isa = PBXVariantGroup;
			children = (
				7083D97C280F01DB0076FBF1 /* Base */,
			);
			name = LaunchScreen.storyboard;
			sourceTree = "<group>";
		};
/* End PBXVariantGroup section */

/* Begin XCBuildConfiguration section */
		7083D97F280F01DB0076FBF1 /* Debug */ = {
			isa = XCBuildConfiguration;
			buildSettings = {
				ALWAYS_SEARCH_USER_PATHS = NO;
				CLANG_ANALYZER_NONNULL = YES;
				CLANG_ANALYZER_NUMBER_OBJECT_CONVERSION = YES_AGGRESSIVE;
				CLANG_CXX_LANGUAGE_STANDARD = "gnu++17";
				CLANG_ENABLE_MODULES = YES;
				CLANG_ENABLE_OBJC_ARC = YES;
				CLANG_ENABLE_OBJC_WEAK = YES;
				CLANG_WARN_BLOCK_CAPTURE_AUTORELEASING = YES;
				CLANG_WARN_BOOL_CONVERSION = YES;
				CLANG_WARN_COMMA = YES;
				CLANG_WARN_CONSTANT_CONVERSION = YES;
				CLANG_WARN_DEPRECATED_OBJC_IMPLEMENTATIONS = YES;
				CLANG_WARN_DIRECT_OBJC_ISA_USAGE = YES_ERROR;
				CLANG_WARN_DOCUMENTATION_COMMENTS = YES;
				CLANG_WARN_EMPTY_BODY = YES;
				CLANG_WARN_ENUM_CONVERSION = YES;
				CLANG_WARN_INFINITE_RECURSION = YES;
				CLANG_WARN_INT_CONVERSION = YES;
				CLANG_WARN_NON_LITERAL_NULL_CONVERSION = YES;
				CLANG_WARN_OBJC_IMPLICIT_RETAIN_SELF = YES;
				CLANG_WARN_OBJC_LITERAL_CONVERSION = YES;
				CLANG_WARN_OBJC_ROOT_CLASS = YES_ERROR;
				CLANG_WARN_QUOTED_INCLUDE_IN_FRAMEWORK_HEADER = YES;
				CLANG_WARN_RANGE_LOOP_ANALYSIS = YES;
				CLANG_WARN_STRICT_PROTOTYPES = YES;
				CLANG_WARN_SUSPICIOUS_MOVE = YES;
				CLANG_WARN_UNGUARDED_AVAILABILITY = YES_AGGRESSIVE;
				CLANG_WARN_UNREACHABLE_CODE = YES;
				CLANG_WARN__DUPLICATE_METHOD_MATCH = YES;
				COPY_PHASE_STRIP = NO;
				DEBUG_INFORMATION_FORMAT = dwarf;
				ENABLE_STRICT_OBJC_MSGSEND = YES;
				ENABLE_TESTABILITY = YES;
				GCC_C_LANGUAGE_STANDARD = gnu11;
				GCC_DYNAMIC_NO_PIC = NO;
				GCC_NO_COMMON_BLOCKS = YES;
				GCC_OPTIMIZATION_LEVEL = 0;
				GCC_PREPROCESSOR_DEFINITIONS = (
					"DEBUG=1",
					"$(inherited)",
				);
				GCC_WARN_64_TO_32_BIT_CONVERSION = YES;
				GCC_WARN_ABOUT_RETURN_TYPE = YES_ERROR;
				GCC_WARN_UNDECLARED_SELECTOR = YES;
				GCC_WARN_UNINITIALIZED_AUTOS = YES_AGGRESSIVE;
				GCC_WARN_UNUSED_FUNCTION = YES;
				GCC_WARN_UNUSED_VARIABLE = YES;
				IPHONEOS_DEPLOYMENT_TARGET = 15.4;
				MTL_ENABLE_DEBUG_INFO = INCLUDE_SOURCE;
				MTL_FAST_MATH = YES;
				ONLY_ACTIVE_ARCH = YES;
				SDKROOT = iphoneos;
				SWIFT_ACTIVE_COMPILATION_CONDITIONS = DEBUG;
				SWIFT_OPTIMIZATION_LEVEL = "-Onone";
			};
			name = Debug;
		};
		7083D980280F01DB0076FBF1 /* Release */ = {
			isa = XCBuildConfiguration;
			buildSettings = {
				ALWAYS_SEARCH_USER_PATHS = NO;
				CLANG_ANALYZER_NONNULL = YES;
				CLANG_ANALYZER_NUMBER_OBJECT_CONVERSION = YES_AGGRESSIVE;
				CLANG_CXX_LANGUAGE_STANDARD = "gnu++17";
				CLANG_ENABLE_MODULES = YES;
				CLANG_ENABLE_OBJC_ARC = YES;
				CLANG_ENABLE_OBJC_WEAK = YES;
				CLANG_WARN_BLOCK_CAPTURE_AUTORELEASING = YES;
				CLANG_WARN_BOOL_CONVERSION = YES;
				CLANG_WARN_COMMA = YES;
				CLANG_WARN_CONSTANT_CONVERSION = YES;
				CLANG_WARN_DEPRECATED_OBJC_IMPLEMENTATIONS = YES;
				CLANG_WARN_DIRECT_OBJC_ISA_USAGE = YES_ERROR;
				CLANG_WARN_DOCUMENTATION_COMMENTS = YES;
				CLANG_WARN_EMPTY_BODY = YES;
				CLANG_WARN_ENUM_CONVERSION = YES;
				CLANG_WARN_INFINITE_RECURSION = YES;
				CLANG_WARN_INT_CONVERSION = YES;
				CLANG_WARN_NON_LITERAL_NULL_CONVERSION = YES;
				CLANG_WARN_OBJC_IMPLICIT_RETAIN_SELF = YES;
				CLANG_WARN_OBJC_LITERAL_CONVERSION = YES;
				CLANG_WARN_OBJC_ROOT_CLASS = YES_ERROR;
				CLANG_WARN_QUOTED_INCLUDE_IN_FRAMEWORK_HEADER = YES;
				CLANG_WARN_RANGE_LOOP_ANALYSIS = YES;
				CLANG_WARN_STRICT_PROTOTYPES = YES;
				CLANG_WARN_SUSPICIOUS_MOVE = YES;
				CLANG_WARN_UNGUARDED_AVAILABILITY = YES_AGGRESSIVE;
				CLANG_WARN_UNREACHABLE_CODE = YES;
				CLANG_WARN__DUPLICATE_METHOD_MATCH = YES;
				COPY_PHASE_STRIP = NO;
				DEBUG_INFORMATION_FORMAT = "dwarf-with-dsym";
				ENABLE_NS_ASSERTIONS = NO;
				ENABLE_STRICT_OBJC_MSGSEND = YES;
				GCC_C_LANGUAGE_STANDARD = gnu11;
				GCC_NO_COMMON_BLOCKS = YES;
				GCC_WARN_64_TO_32_BIT_CONVERSION = YES;
				GCC_WARN_ABOUT_RETURN_TYPE = YES_ERROR;
				GCC_WARN_UNDECLARED_SELECTOR = YES;
				GCC_WARN_UNINITIALIZED_AUTOS = YES_AGGRESSIVE;
				GCC_WARN_UNUSED_FUNCTION = YES;
				GCC_WARN_UNUSED_VARIABLE = YES;
				IPHONEOS_DEPLOYMENT_TARGET = 15.4;
				MTL_ENABLE_DEBUG_INFO = NO;
				MTL_FAST_MATH = YES;
				SDKROOT = iphoneos;
				SWIFT_COMPILATION_MODE = wholemodule;
				SWIFT_OPTIMIZATION_LEVEL = "-O";
				VALIDATE_PRODUCT = YES;
			};
			name = Release;
		};
		7083D982280F01DB0076FBF1 /* Debug */ = {
			isa = XCBuildConfiguration;
			buildSettings = {
				ASSETCATALOG_COMPILER_APPICON_NAME = AppIcon;
				ASSETCATALOG_COMPILER_GLOBAL_ACCENT_COLOR_NAME = AccentColor;
				CODE_SIGN_STYLE = Automatic;
				CURRENT_PROJECT_VERSION = 1;
				DEVELOPMENT_TEAM = C625QPFG8X;
				GENERATE_INFOPLIST_FILE = YES;
				INFOPLIST_FILE = "QHI Admin/Info.plist";
				INFOPLIST_KEY_UIApplicationSupportsIndirectInputEvents = YES;
				INFOPLIST_KEY_UILaunchStoryboardName = LaunchScreen;
				INFOPLIST_KEY_UIMainStoryboardFile = Main;
				INFOPLIST_KEY_UISupportedInterfaceOrientations_iPad = "UIInterfaceOrientationPortrait UIInterfaceOrientationPortraitUpsideDown UIInterfaceOrientationLandscapeLeft UIInterfaceOrientationLandscapeRight";
				INFOPLIST_KEY_UISupportedInterfaceOrientations_iPhone = "UIInterfaceOrientationPortrait UIInterfaceOrientationLandscapeLeft UIInterfaceOrientationLandscapeRight";
				LD_RUNPATH_SEARCH_PATHS = (
					"$(inherited)",
					"@executable_path/Frameworks",
				);
				MARKETING_VERSION = 1.0;
				PRODUCT_BUNDLE_IDENTIFIER = "com.arrinal.QHI-Admin";
				PRODUCT_NAME = "$(TARGET_NAME)";
				SWIFT_EMIT_LOC_STRINGS = YES;
				SWIFT_VERSION = 5.0;
				TARGETED_DEVICE_FAMILY = "1,2";
			};
			name = Debug;
		};
		7083D983280F01DB0076FBF1 /* Release */ = {
			isa = XCBuildConfiguration;
			buildSettings = {
				ASSETCATALOG_COMPILER_APPICON_NAME = AppIcon;
				ASSETCATALOG_COMPILER_GLOBAL_ACCENT_COLOR_NAME = AccentColor;
				CODE_SIGN_STYLE = Automatic;
				CURRENT_PROJECT_VERSION = 1;
				DEVELOPMENT_TEAM = C625QPFG8X;
				GENERATE_INFOPLIST_FILE = YES;
				INFOPLIST_FILE = "QHI Admin/Info.plist";
				INFOPLIST_KEY_UIApplicationSupportsIndirectInputEvents = YES;
				INFOPLIST_KEY_UILaunchStoryboardName = LaunchScreen;
				INFOPLIST_KEY_UIMainStoryboardFile = Main;
				INFOPLIST_KEY_UISupportedInterfaceOrientations_iPad = "UIInterfaceOrientationPortrait UIInterfaceOrientationPortraitUpsideDown UIInterfaceOrientationLandscapeLeft UIInterfaceOrientationLandscapeRight";
				INFOPLIST_KEY_UISupportedInterfaceOrientations_iPhone = "UIInterfaceOrientationPortrait UIInterfaceOrientationLandscapeLeft UIInterfaceOrientationLandscapeRight";
				LD_RUNPATH_SEARCH_PATHS = (
					"$(inherited)",
					"@executable_path/Frameworks",
				);
				MARKETING_VERSION = 1.0;
				PRODUCT_BUNDLE_IDENTIFIER = "com.arrinal.QHI-Admin";
				PRODUCT_NAME = "$(TARGET_NAME)";
				SWIFT_EMIT_LOC_STRINGS = YES;
				SWIFT_VERSION = 5.0;
				TARGETED_DEVICE_FAMILY = "1,2";
			};
			name = Release;
		};
/* End XCBuildConfiguration section */

/* Begin XCConfigurationList section */
		7083D968280F01DA0076FBF1 /* Build configuration list for PBXProject "QHI Admin" */ = {
			isa = XCConfigurationList;
			buildConfigurations = (
				7083D97F280F01DB0076FBF1 /* Debug */,
				7083D980280F01DB0076FBF1 /* Release */,
			);
			defaultConfigurationIsVisible = 0;
			defaultConfigurationName = Release;
		};
		7083D981280F01DB0076FBF1 /* Build configuration list for PBXNativeTarget "QHI Admin" */ = {
			isa = XCConfigurationList;
			buildConfigurations = (
				7083D982280F01DB0076FBF1 /* Debug */,
				7083D983280F01DB0076FBF1 /* Release */,
			);
			defaultConfigurationIsVisible = 0;
			defaultConfigurationName = Release;
		};
/* End XCConfigurationList section */

/* Begin XCRemoteSwiftPackageReference section */
		7083D986280F020E0076FBF1 /* XCRemoteSwiftPackageReference "firebase-ios-sdk" */ = {
			isa = XCRemoteSwiftPackageReference;
			repositoryURL = "https://github.com/firebase/firebase-ios-sdk.git";
			requirement = {
				kind = upToNextMajorVersion;
				minimumVersion = 8.0.0;
			};
		};
/* End XCRemoteSwiftPackageReference section */

/* Begin XCSwiftPackageProductDependency section */
		70770F73280FECE000C7CF1F /* FirebaseDatabase */ = {
			isa = XCSwiftPackageProductDependency;
			package = 7083D986280F020E0076FBF1 /* XCRemoteSwiftPackageReference "firebase-ios-sdk" */;
			productName = FirebaseDatabase;
		};
		7083D987280F020E0076FBF1 /* FirebaseAnalytics */ = {
			isa = XCSwiftPackageProductDependency;
			package = 7083D986280F020E0076FBF1 /* XCRemoteSwiftPackageReference "firebase-ios-sdk" */;
			productName = FirebaseAnalytics;
		};
		7083D989280F020E0076FBF1 /* FirebaseFirestore */ = {
			isa = XCSwiftPackageProductDependency;
			package = 7083D986280F020E0076FBF1 /* XCRemoteSwiftPackageReference "firebase-ios-sdk" */;
			productName = FirebaseFirestore;
		};
/* End XCSwiftPackageProductDependency section */
	};
	rootObject = 7083D965280F01DA0076FBF1 /* Project object */;
}
